
Microsoft Visual Studio Solution File, Format Version 12.00
# Visual Studio 15
VisualStudioVersion = 15.0.27703.2035
MinimumVisualStudioVersion = 10.0.40219.1
Project("{FAE04EC0-301F-11D3-BF4B-00C04F79EFBC}") = "CifraCesar", "CifraCesar\CifraCesar.csproj", "{A83FFFBB-A47D-4C51-A39C-E5735DE2BB3A}"
EndProject
Global
	GlobalSection(SolutionConfigurationPlatforms) = preSolution
		Debug|Any CPU = Debug|Any CPU
		Release|Any CPU = Release|Any CPU
	EndGlobalSection
	GlobalSection(ProjectConfigurationPlatforms) = postSolution
		{A83FFFBB-A47D-4C51-A39C-E5735DE2BB3A}.Debug|Any CPU.ActiveCfg = Debug|Any CPU
		{A83FFFBB-A47D-4C51-A39C-E5735DE2BB3A}.Debug|Any CPU.Build.0 = Debug|Any CPU
		{A83FFFBB-A47D-4C51-A39C-E5735DE2BB3A}.Release|Any CPU.ActiveCfg = Release|Any CPU
		{A83FFFBB-A47D-4C51-A39C-E5735DE2BB3A}.Release|Any CPU.Build.0 = Release|Any CPU
	EndGlobalSection
	GlobalSection(SolutionProperties) = preSolution
		HideSolutionNode = FALSE
	EndGlobalSection
	GlobalSection(ExtensibilityGlobals) = postSolution
		SolutionGuid = {65E2DECE-3078-438A-9323-B6C1CC49543B}
	EndGlobalSection
EndGlobal
